<?xml version="1.0" encoding="utf-8"?>
<Project ToolsVersion="4.0" xmlns="http://schemas.microsoft.com/developer/msbuild/2003">
  <ItemGroup>
    <Filter Include="Source Files">
      <UniqueIdentifier>{69da0033-3037-4ed9-b59a-3a12b6861097}</UniqueIdentifier>
      <Extensions>cpp;c;cxx;rc;def;r;odl;idl;hpj;bat</Extensions>
    </Filter>
    <Filter Include="Header Files">
      <UniqueIdentifier>{5379fe54-8faa-4ca7-87df-7ea2b582c464}</UniqueIdentifier>
      <Extensions>h;hpp;hxx;hm;inl</Extensions>
    </Filter>
    <Filter Include="Resource Files">
      <UniqueIdentifier>{3ad1ac22-3409-415b-9050-d9236e6721b5}</UniqueIdentifier>
      <Extensions>ico;cur;bmp;dlg;rc2;rct;bin;rgs;gif;jpg;jpeg;jpe</Extensions>
    </Filter>
    <Filter Include="GLSL Shader Files">
      <UniqueIdentifier>{9c28b323-c761-46e1-bb1e-1b24283a15ad}</UniqueIdentifier>
      <Extensions>vert;frag</Extensions>
    </Filter>
  </ItemGroup>
  <ItemGroup>
    <ResourceCompile Include="AtmosphereTest.rc">
      <Filter>Source Files</Filter>
    </ResourceCompile>
  </ItemGroup>
  <ItemGroup>
    <ClCompile Include="GameApp.cpp">
      <Filter>Source Files</Filter>
    </ClCompile>
    <ClCompile Include="GameEngine.cpp">
      <Filter>Source Files</Filter>
    </ClCompile>
    <ClCompile Include="glprocs.c">
      <Filter>Source Files</Filter>
    </ClCompile>
    <ClCompile Include="GLUtil.cpp">
      <Filter>Source Files</Filter>
    </ClCompile>
    <ClCompile Include="Master.cpp">
      <Filter>Source Files</Filter>
    </ClCompile>
    <ClCompile Include="Matrix.cpp">
      <Filter>Source Files</Filter>
    </ClCompile>
    <ClCompile Include="Noise.cpp">
      <Filter>Source Files</Filter>
    </ClCompile>
    <ClCompile Include="PBuffer.cpp">
      <Filter>Source Files</Filter>
    </ClCompile>
    <ClCompile Include="PixelBuffer.cpp">
      <Filter>Source Files</Filter>
    </ClCompile>
    <ClCompile Include="Texture.cpp">
      <Filter>Source Files</Filter>
    </ClCompile>
    <ClCompile Include="nanojpeg.c">
      <Filter>Source Files</Filter>
    </ClCompile>
  </ItemGroup>
  <ItemGroup>
    <ClInclude Include="DateTime.h">
      <Filter>Header Files</Filter>
    </ClInclude>
    <ClInclude Include="Font.h">
      <Filter>Header Files</Filter>
    </ClInclude>
    <ClInclude Include="GameApp.h">
      <Filter>Header Files</Filter>
    </ClInclude>
    <ClInclude Include="GameEngine.h">
      <Filter>Header Files</Filter>
    </ClInclude>
    <ClInclude Include="glprocs.h">
      <Filter>Header Files</Filter>
    </ClInclude>
    <ClInclude Include="GLUtil.h">
      <Filter>Header Files</Filter>
    </ClInclude>
    <ClInclude Include="ListTemplates.h">
      <Filter>Header Files</Filter>
    </ClInclude>
    <ClInclude Include="Log.h">
      <Filter>Header Files</Filter>
    </ClInclude>
    <ClInclude Include="Master.h">
      <Filter>Header Files</Filter>
    </ClInclude>
    <ClInclude Include="Matrix.h">
      <Filter>Header Files</Filter>
    </ClInclude>
    <ClInclude Include="Noise.h">
      <Filter>Header Files</Filter>
    </ClInclude>
    <ClInclude Include="PBuffer.h">
      <Filter>Header Files</Filter>
    </ClInclude>
    <ClInclude Include="PixelBuffer.h">
      <Filter>Header Files</Filter>
    </ClInclude>
    <ClInclude Include="resource.h">
      <Filter>Header Files</Filter>
    </ClInclude>
    <ClInclude Include="Texture.h">
      <Filter>Header Files</Filter>
    </ClInclude>
    <ClInclude Include="WndClass.h">
      <Filter>Header Files</Filter>
    </ClInclude>
  </ItemGroup>
  <ItemGroup>
    <Image Include="icon1.ico">
      <Filter>Resource Files</Filter>
    </Image>
  </ItemGroup>
  <ItemGroup>
    <CustomBuild Include="GroundFromAtmosphere.frag">
      <Filter>GLSL Shader Files</Filter>
    </CustomBuild>
    <CustomBuild Include="GroundFromAtmosphere.vert">
      <Filter>GLSL Shader Files</Filter>
    </CustomBuild>
    <CustomBuild Include="GroundFromSpace.frag">
      <Filter>GLSL Shader Files</Filter>
    </CustomBuild>
    <CustomBuild Include="GroundFromSpace.vert">
      <Filter>GLSL Shader Files</Filter>
    </CustomBuild>
    <CustomBuild Include="HDR.vert">
      <Filter>GLSL Shader Files</Filter>
    </CustomBuild>
    <CustomBuild Include="HDRRect.frag">
      <Filter>GLSL Shader Files</Filter>
    </CustomBuild>
    <CustomBuild Include="HDRSquare.frag">
      <Filter>GLSL Shader Files</Filter>
    </CustomBuild>
    <CustomBuild Include="SkyFromAtmosphere.frag">
      <Filter>GLSL Shader Files</Filter>
    </CustomBuild>
    <CustomBuild Include="SkyFromAtmosphere.vert">
      <Filter>GLSL Shader Files</Filter>
    </CustomBuild>
    <CustomBuild Include="SkyFromSpace.frag">
      <Filter>GLSL Shader Files</Filter>
    </CustomBuild>
    <CustomBuild Include="SkyFromSpace.vert">
      <Filter>GLSL Shader Files</Filter>
    </CustomBuild>
    <CustomBuild Include="SpaceFromAtmosphere.frag">
      <Filter>GLSL Shader Files</Filter>
    </CustomBuild>
    <CustomBuild Include="SpaceFromAtmosphere.vert">
      <Filter>GLSL Shader Files</Filter>
    </CustomBuild>
    <CustomBuild Include="SpaceFromSpace.frag">
      <Filter>GLSL Shader Files</Filter>
    </CustomBuild>
    <CustomBuild Include="SpaceFromSpace.vert">
      <Filter>GLSL Shader Files</Filter>
    </CustomBuild>
  </ItemGroup>
</Project>