<?xml version="1.0" encoding="utf-8"?>
<Project ToolsVersion="4.0" xmlns="http://schemas.microsoft.com/developer/msbuild/2003">
  <ItemGroup>
    <Filter Include="Resource Files">
      <UniqueIdentifier>{3ad1ac22-3409-415b-9050-d9236e6721b5}</UniqueIdentifier>
      <Extensions>ico;cur;bmp;dlg;rc2;rct;bin;rgs;gif;jpg;jpeg;jpe</Extensions>
    </Filter>
    <Filter Include="GLSL Shader Files">
      <UniqueIdentifier>{9c28b323-c761-46e1-bb1e-1b24283a15ad}</UniqueIdentifier>
      <Extensions>vert;frag</Extensions>
    </Filter>
    <Filter Include="src">
      <UniqueIdentifier>{7bdc9bda-5ef3-4968-8567-c2d11cf1e6f4}</UniqueIdentifier>
    </Filter>
    <Filter Include="externals">
      <UniqueIdentifier>{afe4459a-23fc-4509-9169-8e5745538eb4}</UniqueIdentifier>
    </Filter>
  </ItemGroup>
  <ItemGroup>
    <ClCompile Include="src\GameApp.cpp">
      <Filter>src</Filter>
    </ClCompile>
    <ClCompile Include="src\GameEngine.cpp">
      <Filter>src</Filter>
    </ClCompile>
    <ClCompile Include="src\GLUtil.cpp">
      <Filter>src</Filter>
    </ClCompile>
    <ClCompile Include="src\Master.cpp">
      <Filter>src</Filter>
    </ClCompile>
    <ClCompile Include="src\Matrix.cpp">
      <Filter>src</Filter>
    </ClCompile>
    <ClCompile Include="src\Noise.cpp">
      <Filter>src</Filter>
    </ClCompile>
    <ClCompile Include="src\PBuffer.cpp">
      <Filter>src</Filter>
    </ClCompile>
    <ClCompile Include="src\PixelBuffer.cpp">
      <Filter>src</Filter>
    </ClCompile>
    <ClCompile Include="src\Texture.cpp">
      <Filter>src</Filter>
    </ClCompile>
    <ClCompile Include="externals\glew\glew.c">
      <Filter>externals</Filter>
    </ClCompile>
    <ClCompile Include="externals\nanojpeg.c">
      <Filter>externals</Filter>
    </ClCompile>
    <ClCompile Include="src\ShaderObject.cpp">
      <Filter>src</Filter>
    </ClCompile>
  </ItemGroup>
  <ItemGroup>
    <ClInclude Include="src\DateTime.h">
      <Filter>src</Filter>
    </ClInclude>
    <ClInclude Include="src\Font.h">
      <Filter>src</Filter>
    </ClInclude>
    <ClInclude Include="src\GameApp.h">
      <Filter>src</Filter>
    </ClInclude>
    <ClInclude Include="src\GameEngine.h">
      <Filter>src</Filter>
    </ClInclude>
    <ClInclude Include="src\gl.h">
      <Filter>src</Filter>
    </ClInclude>
    <ClInclude Include="src\GLUtil.h">
      <Filter>src</Filter>
    </ClInclude>
    <ClInclude Include="src\jconfig.h">
      <Filter>src</Filter>
    </ClInclude>
    <ClInclude Include="src\jerror.h">
      <Filter>src</Filter>
    </ClInclude>
    <ClInclude Include="src\jmorecfg.h">
      <Filter>src</Filter>
    </ClInclude>
    <ClInclude Include="src\jpegint.h">
      <Filter>src</Filter>
    </ClInclude>
    <ClInclude Include="src\jpeglib.h">
      <Filter>src</Filter>
    </ClInclude>
    <ClInclude Include="src\ListTemplates.h">
      <Filter>src</Filter>
    </ClInclude>
    <ClInclude Include="src\Log.h">
      <Filter>src</Filter>
    </ClInclude>
    <ClInclude Include="src\Master.h">
      <Filter>src</Filter>
    </ClInclude>
    <ClInclude Include="src\Matrix.h">
      <Filter>src</Filter>
    </ClInclude>
    <ClInclude Include="src\Noise.h">
      <Filter>src</Filter>
    </ClInclude>
    <ClInclude Include="src\PBuffer.h">
      <Filter>src</Filter>
    </ClInclude>
    <ClInclude Include="src\PixelBuffer.h">
      <Filter>src</Filter>
    </ClInclude>
    <ClInclude Include="src\Texture.h">
      <Filter>src</Filter>
    </ClInclude>
    <ClInclude Include="src\wglext.h">
      <Filter>src</Filter>
    </ClInclude>
    <ClInclude Include="src\WndClass.h">
      <Filter>src</Filter>
    </ClInclude>
    <ClInclude Include="res\resource.h">
      <Filter>Resource Files</Filter>
    </ClInclude>
    <ClInclude Include="src\ShaderObject.h">
      <Filter>src</Filter>
    </ClInclude>
    <ClInclude Include="src\ONAS_State.h" />
    <ClInclude Include="src\DrawPrims.h">
      <Filter>src</Filter>
    </ClInclude>
  </ItemGroup>
  <ItemGroup>
    <ResourceCompile Include="res\AtmosphereTest.rc">
      <Filter>Resource Files</Filter>
    </ResourceCompile>
  </ItemGroup>
  <ItemGroup>
    <Image Include="res\icon1.ico">
      <Filter>Resource Files</Filter>
    </Image>
  </ItemGroup>
  <ItemGroup>
    <None Include="HDR.vert">
      <Filter>GLSL Shader Files</Filter>
    </None>
    <None Include="HDRRect.frag">
      <Filter>GLSL Shader Files</Filter>
    </None>
    <None Include="HDRSquare.frag">
      <Filter>GLSL Shader Files</Filter>
    </None>
    <None Include="ONAS_GroundFromAtmosphere.frag">
      <Filter>GLSL Shader Files</Filter>
    </None>
    <None Include="ONAS_GroundFromAtmosphere.vert">
      <Filter>GLSL Shader Files</Filter>
    </None>
    <None Include="ONAS_GroundFromSpace.frag">
      <Filter>GLSL Shader Files</Filter>
    </None>
    <None Include="ONAS_GroundFromSpace.vert">
      <Filter>GLSL Shader Files</Filter>
    </None>
    <None Include="ONAS_SkyFromAtmosphere.frag">
      <Filter>GLSL Shader Files</Filter>
    </None>
    <None Include="ONAS_SkyFromAtmosphere.vert">
      <Filter>GLSL Shader Files</Filter>
    </None>
    <None Include="ONAS_SkyFromSpace.frag">
      <Filter>GLSL Shader Files</Filter>
    </None>
    <None Include="ONAS_SkyFromSpace.vert">
      <Filter>GLSL Shader Files</Filter>
    </None>
    <None Include="ONAS_SpaceFromAtmosphere.frag">
      <Filter>GLSL Shader Files</Filter>
    </None>
    <None Include="ONAS_SpaceFromAtmosphere.vert">
      <Filter>GLSL Shader Files</Filter>
    </None>
    <None Include="ONAS_SpaceFromSpace.frag">
      <Filter>GLSL Shader Files</Filter>
    </None>
    <None Include="ONAS_SpaceFromSpace.vert">
      <Filter>GLSL Shader Files</Filter>
    </None>
  </ItemGroup>
</Project>